// !$*UTF8*$!
{
	archiveVersion = 1;
	classes = {
	};
	objectVersion = 50;
	objects = {

/* Begin PBXBuildFile section */
		75132C8C22CE5F1600BCC606 /* UserDataService.swift in Sources */ = {isa = PBXBuildFile; fileRef = 75132C8B22CE5F1600BCC606 /* UserDataService.swift */; };
		75132C8E22CE694D00BCC606 /* AvatarPickerViewController.swift in Sources */ = {isa = PBXBuildFile; fileRef = 75132C8D22CE694D00BCC606 /* AvatarPickerViewController.swift */; };
		75132C9022CE6B2600BCC606 /* AvatarCell.swift in Sources */ = {isa = PBXBuildFile; fileRef = 75132C8F22CE6B2600BCC606 /* AvatarCell.swift */; };
		75132C9222CE7F4F00BCC606 /* CircleImage.swift in Sources */ = {isa = PBXBuildFile; fileRef = 75132C9122CE7F4F00BCC606 /* CircleImage.swift */; };
		75132C9522CED0CD00BCC606 /* ProfileViewController.swift in Sources */ = {isa = PBXBuildFile; fileRef = 75132C9322CED0CD00BCC606 /* ProfileViewController.swift */; };
		75132C9622CED0CD00BCC606 /* ProfileViewController.xib in Resources */ = {isa = PBXBuildFile; fileRef = 75132C9422CED0CD00BCC606 /* ProfileViewController.xib */; };
		75132C9922CF832E00BCC606 /* MessageService.swift in Sources */ = {isa = PBXBuildFile; fileRef = 75132C9822CF832E00BCC606 /* MessageService.swift */; };
		75132C9B22CF836800BCC606 /* Channel.swift in Sources */ = {isa = PBXBuildFile; fileRef = 75132C9A22CF836800BCC606 /* Channel.swift */; };
		75132C9D22CF890000BCC606 /* TableViewCell.swift in Sources */ = {isa = PBXBuildFile; fileRef = 75132C9C22CF890000BCC606 /* TableViewCell.swift */; };
		75132CA022CF99DF00BCC606 /* AddChannelViewController.swift in Sources */ = {isa = PBXBuildFile; fileRef = 75132C9E22CF99DF00BCC606 /* AddChannelViewController.swift */; };
		75132CA122CF99DF00BCC606 /* AddChannelViewController.xib in Resources */ = {isa = PBXBuildFile; fileRef = 75132C9F22CF99DF00BCC606 /* AddChannelViewController.xib */; };
		75132CA322CFAB2900BCC606 /* SocketService.swift in Sources */ = {isa = PBXBuildFile; fileRef = 75132CA222CFAB2900BCC606 /* SocketService.swift */; };
		7519325222CBFEFC00FFF7DD /* ChatViewController.swift in Sources */ = {isa = PBXBuildFile; fileRef = 7519325122CBFEFC00FFF7DD /* ChatViewController.swift */; };
		7519325422CBFF0900FFF7DD /* ChannelViewController.swift in Sources */ = {isa = PBXBuildFile; fileRef = 7519325322CBFF0900FFF7DD /* ChannelViewController.swift */; };
		7519325B22CC03C700FFF7DD /* SWRevealViewController.m in Sources */ = {isa = PBXBuildFile; fileRef = 7519325922CC03C600FFF7DD /* SWRevealViewController.m */; };
		7519325D22CC0FD200FFF7DD /* GradientView.swift in Sources */ = {isa = PBXBuildFile; fileRef = 7519325C22CC0FD200FFF7DD /* GradientView.swift */; };
		7519326022CC1F2800FFF7DD /* Constants.swift in Sources */ = {isa = PBXBuildFile; fileRef = 7519325F22CC1F2800FFF7DD /* Constants.swift */; };
		7519326222CC253400FFF7DD /* LoginViewController.swift in Sources */ = {isa = PBXBuildFile; fileRef = 7519326122CC253300FFF7DD /* LoginViewController.swift */; };
		7519326422CC27B200FFF7DD /* createAccountViewController.swift in Sources */ = {isa = PBXBuildFile; fileRef = 7519326322CC27B200FFF7DD /* createAccountViewController.swift */; };
		7519326722CD59F400FFF7DD /* AuthService.swift in Sources */ = {isa = PBXBuildFile; fileRef = 7519326622CD59F400FFF7DD /* AuthService.swift */; };
		7519326922CD8C0600FFF7DD /* RoundedButton.swift in Sources */ = {isa = PBXBuildFile; fileRef = 7519326822CD8C0500FFF7DD /* RoundedButton.swift */; };
		75536EFB22D2985A00A39273 /* Message.swift in Sources */ = {isa = PBXBuildFile; fileRef = 75536EFA22D2985A00A39273 /* Message.swift */; };
		75536EFD22D29E6700A39273 /* CommonFunctions.swift in Sources */ = {isa = PBXBuildFile; fileRef = 75536EFC22D29E6700A39273 /* CommonFunctions.swift */; };
		75536EFF22D2A82500A39273 /* KeyboardBoundView.swift in Sources */ = {isa = PBXBuildFile; fileRef = 75536EFE22D2A82500A39273 /* KeyboardBoundView.swift */; };
		755B0BCE22CBEF510032D803 /* AppDelegate.swift in Sources */ = {isa = PBXBuildFile; fileRef = 755B0BCD22CBEF510032D803 /* AppDelegate.swift */; };
		755B0BD322CBEF510032D803 /* Main.storyboard in Resources */ = {isa = PBXBuildFile; fileRef = 755B0BD122CBEF510032D803 /* Main.storyboard */; };
		755B0BD522CBEF570032D803 /* Assets.xcassets in Resources */ = {isa = PBXBuildFile; fileRef = 755B0BD422CBEF570032D803 /* Assets.xcassets */; };
		755B0BD822CBEF570032D803 /* LaunchScreen.storyboard in Resources */ = {isa = PBXBuildFile; fileRef = 755B0BD622CBEF570032D803 /* LaunchScreen.storyboard */; };
		ECCCF8A3BE7803A9C9848DF7 /* Pods_smack.framework in Frameworks */ = {isa = PBXBuildFile; fileRef = AEF8DD669F313690B9A7D837 /* Pods_smack.framework */; };
/* End PBXBuildFile section */

/* Begin PBXFileReference section */
		256C9E3D12C3753A701EBE78 /* Pods-smack.debug.xcconfig */ = {isa = PBXFileReference; includeInIndex = 1; lastKnownFileType = text.xcconfig; name = "Pods-smack.debug.xcconfig"; path = "Pods/Target Support Files/Pods-smack/Pods-smack.debug.xcconfig"; sourceTree = "<group>"; };
		75132C8B22CE5F1600BCC606 /* UserDataService.swift */ = {isa = PBXFileReference; lastKnownFileType = sourcecode.swift; path = UserDataService.swift; sourceTree = "<group>"; };
		75132C8D22CE694D00BCC606 /* AvatarPickerViewController.swift */ = {isa = PBXFileReference; lastKnownFileType = sourcecode.swift; path = AvatarPickerViewController.swift; sourceTree = "<group>"; };
		75132C8F22CE6B2600BCC606 /* AvatarCell.swift */ = {isa = PBXFileReference; lastKnownFileType = sourcecode.swift; path = AvatarCell.swift; sourceTree = "<group>"; };
		75132C9122CE7F4F00BCC606 /* CircleImage.swift */ = {isa = PBXFileReference; lastKnownFileType = sourcecode.swift; path = CircleImage.swift; sourceTree = "<group>"; };
		75132C9322CED0CD00BCC606 /* ProfileViewController.swift */ = {isa = PBXFileReference; lastKnownFileType = sourcecode.swift; path = ProfileViewController.swift; sourceTree = "<group>"; };
		75132C9422CED0CD00BCC606 /* ProfileViewController.xib */ = {isa = PBXFileReference; lastKnownFileType = file.xib; path = ProfileViewController.xib; sourceTree = "<group>"; };
		75132C9822CF832E00BCC606 /* MessageService.swift */ = {isa = PBXFileReference; lastKnownFileType = sourcecode.swift; path = MessageService.swift; sourceTree = "<group>"; };
		75132C9A22CF836800BCC606 /* Channel.swift */ = {isa = PBXFileReference; lastKnownFileType = sourcecode.swift; path = Channel.swift; sourceTree = "<group>"; };
		75132C9C22CF890000BCC606 /* TableViewCell.swift */ = {isa = PBXFileReference; lastKnownFileType = sourcecode.swift; path = TableViewCell.swift; sourceTree = "<group>"; };
		75132C9E22CF99DF00BCC606 /* AddChannelViewController.swift */ = {isa = PBXFileReference; lastKnownFileType = sourcecode.swift; path = AddChannelViewController.swift; sourceTree = "<group>"; };
		75132C9F22CF99DF00BCC606 /* AddChannelViewController.xib */ = {isa = PBXFileReference; lastKnownFileType = file.xib; name = AddChannelViewController.xib; path = ../Controller/AddChannelViewController.xib; sourceTree = "<group>"; };
		75132CA222CFAB2900BCC606 /* SocketService.swift */ = {isa = PBXFileReference; lastKnownFileType = sourcecode.swift; path = SocketService.swift; sourceTree = "<group>"; };
		7519325122CBFEFC00FFF7DD /* ChatViewController.swift */ = {isa = PBXFileReference; lastKnownFileType = sourcecode.swift; path = ChatViewController.swift; sourceTree = "<group>"; };
		7519325322CBFF0900FFF7DD /* ChannelViewController.swift */ = {isa = PBXFileReference; lastKnownFileType = sourcecode.swift; path = ChannelViewController.swift; sourceTree = "<group>"; };
		7519325822CC03C400FFF7DD /* smack-Bridging-Header.h */ = {isa = PBXFileReference; lastKnownFileType = sourcecode.c.h; path = "smack-Bridging-Header.h"; sourceTree = "<group>"; };
		7519325922CC03C600FFF7DD /* SWRevealViewController.m */ = {isa = PBXFileReference; fileEncoding = 4; lastKnownFileType = sourcecode.c.objc; path = SWRevealViewController.m; sourceTree = "<group>"; };
		7519325A22CC03C700FFF7DD /* SWRevealViewController.h */ = {isa = PBXFileReference; fileEncoding = 4; lastKnownFileType = sourcecode.c.h; path = SWRevealViewController.h; sourceTree = "<group>"; };
		7519325C22CC0FD200FFF7DD /* GradientView.swift */ = {isa = PBXFileReference; lastKnownFileType = sourcecode.swift; path = GradientView.swift; sourceTree = "<group>"; };
		7519325F22CC1F2800FFF7DD /* Constants.swift */ = {isa = PBXFileReference; lastKnownFileType = sourcecode.swift; path = Constants.swift; sourceTree = "<group>"; };
		7519326122CC253300FFF7DD /* LoginViewController.swift */ = {isa = PBXFileReference; lastKnownFileType = sourcecode.swift; path = LoginViewController.swift; sourceTree = "<group>"; };
		7519326322CC27B200FFF7DD /* createAccountViewController.swift */ = {isa = PBXFileReference; lastKnownFileType = sourcecode.swift; path = createAccountViewController.swift; sourceTree = "<group>"; };
		7519326622CD59F400FFF7DD /* AuthService.swift */ = {isa = PBXFileReference; lastKnownFileType = sourcecode.swift; path = AuthService.swift; sourceTree = "<group>"; };
		7519326822CD8C0500FFF7DD /* RoundedButton.swift */ = {isa = PBXFileReference; lastKnownFileType = sourcecode.swift; path = RoundedButton.swift; sourceTree = "<group>"; };
		75536EFA22D2985A00A39273 /* Message.swift */ = {isa = PBXFileReference; lastKnownFileType = sourcecode.swift; path = Message.swift; sourceTree = "<group>"; };
		75536EFC22D29E6700A39273 /* CommonFunctions.swift */ = {isa = PBXFileReference; lastKnownFileType = sourcecode.swift; path = CommonFunctions.swift; sourceTree = "<group>"; };
		75536EFE22D2A82500A39273 /* KeyboardBoundView.swift */ = {isa = PBXFileReference; fileEncoding = 4; lastKnownFileType = sourcecode.swift; path = KeyboardBoundView.swift; sourceTree = "<group>"; };
		755B0BCA22CBEF510032D803 /* smack.app */ = {isa = PBXFileReference; explicitFileType = wrapper.application; includeInIndex = 0; path = smack.app; sourceTree = BUILT_PRODUCTS_DIR; };
		755B0BCD22CBEF510032D803 /* AppDelegate.swift */ = {isa = PBXFileReference; lastKnownFileType = sourcecode.swift; path = AppDelegate.swift; sourceTree = "<group>"; };
		755B0BD222CBEF510032D803 /* Base */ = {isa = PBXFileReference; lastKnownFileType = file.storyboard; name = Base; path = Base.lproj/Main.storyboard; sourceTree = "<group>"; };
		755B0BD422CBEF570032D803 /* Assets.xcassets */ = {isa = PBXFileReference; lastKnownFileType = folder.assetcatalog; path = Assets.xcassets; sourceTree = "<group>"; };
		755B0BD722CBEF570032D803 /* Base */ = {isa = PBXFileReference; lastKnownFileType = file.storyboard; name = Base; path = Base.lproj/LaunchScreen.storyboard; sourceTree = "<group>"; };
		755B0BD922CBEF570032D803 /* Info.plist */ = {isa = PBXFileReference; lastKnownFileType = text.plist.xml; path = Info.plist; sourceTree = "<group>"; };
		883B60ECA89613B16824389E /* Pods-smack.release.xcconfig */ = {isa = PBXFileReference; includeInIndex = 1; lastKnownFileType = text.xcconfig; name = "Pods-smack.release.xcconfig"; path = "Pods/Target Support Files/Pods-smack/Pods-smack.release.xcconfig"; sourceTree = "<group>"; };
		AEF8DD669F313690B9A7D837 /* Pods_smack.framework */ = {isa = PBXFileReference; explicitFileType = wrapper.framework; includeInIndex = 0; path = Pods_smack.framework; sourceTree = BUILT_PRODUCTS_DIR; };
/* End PBXFileReference section */

/* Begin PBXFrameworksBuildPhase section */
		755B0BC722CBEF510032D803 /* Frameworks */ = {
			isa = PBXFrameworksBuildPhase;
			buildActionMask = 2147483647;
			files = (
				ECCCF8A3BE7803A9C9848DF7 /* Pods_smack.framework in Frameworks */,
			);
			runOnlyForDeploymentPostprocessing = 0;
		};
/* End PBXFrameworksBuildPhase section */

/* Begin PBXGroup section */
		47E3F2BCC3A27924D199DD59 /* Pods */ = {
			isa = PBXGroup;
			children = (
				256C9E3D12C3753A701EBE78 /* Pods-smack.debug.xcconfig */,
				883B60ECA89613B16824389E /* Pods-smack.release.xcconfig */,
			);
			name = Pods;
			sourceTree = "<group>";
		};
		75132C9722CED12600BCC606 /* Xibs */ = {
			isa = PBXGroup;
			children = (
				75132C9422CED0CD00BCC606 /* ProfileViewController.xib */,
				75132C9F22CF99DF00BCC606 /* AddChannelViewController.xib */,
			);
			path = Xibs;
			sourceTree = "<group>";
		};
		7519324A22CBFBF800FFF7DD /* Supporting Files */ = {
			isa = PBXGroup;
			children = (
				7519325A22CC03C700FFF7DD /* SWRevealViewController.h */,
				7519325922CC03C600FFF7DD /* SWRevealViewController.m */,
				7519325822CC03C400FFF7DD /* smack-Bridging-Header.h */,
			);
			path = "Supporting Files";
			sourceTree = "<group>";
		};
		7519324F22CBFEA900FFF7DD /* View */ = {
			isa = PBXGroup;
			children = (
				7519325C22CC0FD200FFF7DD /* GradientView.swift */,
				7519326822CD8C0500FFF7DD /* RoundedButton.swift */,
				75132C8F22CE6B2600BCC606 /* AvatarCell.swift */,
				75132C9122CE7F4F00BCC606 /* CircleImage.swift */,
				75132C9C22CF890000BCC606 /* TableViewCell.swift */,
				75536EFE22D2A82500A39273 /* KeyboardBoundView.swift */,
			);
			path = View;
			sourceTree = "<group>";
		};
		7519325022CBFEC900FFF7DD /* Model */ = {
			isa = PBXGroup;
			children = (
				75132C9A22CF836800BCC606 /* Channel.swift */,
				75536EFA22D2985A00A39273 /* Message.swift */,
			);
			path = Model;
			sourceTree = "<group>";
		};
		7519325E22CC1F1400FFF7DD /* Utilities */ = {
			isa = PBXGroup;
			children = (
				7519325F22CC1F2800FFF7DD /* Constants.swift */,
				75536EFC22D29E6700A39273 /* CommonFunctions.swift */,
			);
			path = Utilities;
			sourceTree = "<group>";
		};
		7519326522CD593600FFF7DD /* Services */ = {
			isa = PBXGroup;
			children = (
				7519326622CD59F400FFF7DD /* AuthService.swift */,
				75132C8B22CE5F1600BCC606 /* UserDataService.swift */,
				75132C9822CF832E00BCC606 /* MessageService.swift */,
				75132CA222CFAB2900BCC606 /* SocketService.swift */,
			);
			path = Services;
			sourceTree = "<group>";
		};
		755B0BC122CBEF500032D803 = {
			isa = PBXGroup;
			children = (
				755B0BCC22CBEF510032D803 /* smack */,
				755B0BCB22CBEF510032D803 /* Products */,
				47E3F2BCC3A27924D199DD59 /* Pods */,
				FFB8718AEA7E0BCC962025A1 /* Frameworks */,
			);
			sourceTree = "<group>";
		};
		755B0BCB22CBEF510032D803 /* Products */ = {
			isa = PBXGroup;
			children = (
				755B0BCA22CBEF510032D803 /* smack.app */,
			);
			name = Products;
			sourceTree = "<group>";
		};
		755B0BCC22CBEF510032D803 /* smack */ = {
			isa = PBXGroup;
			children = (
				75132C9722CED12600BCC606 /* Xibs */,
				7519326522CD593600FFF7DD /* Services */,
				7519325E22CC1F1400FFF7DD /* Utilities */,
				7519324A22CBFBF800FFF7DD /* Supporting Files */,
				7519325022CBFEC900FFF7DD /* Model */,
				7519324F22CBFEA900FFF7DD /* View */,
				755B0BDF22CBEF830032D803 /* Controller */,
				755B0BCD22CBEF510032D803 /* AppDelegate.swift */,
				755B0BD122CBEF510032D803 /* Main.storyboard */,
				755B0BD422CBEF570032D803 /* Assets.xcassets */,
				755B0BD622CBEF570032D803 /* LaunchScreen.storyboard */,
				755B0BD922CBEF570032D803 /* Info.plist */,
			);
			path = smack;
			sourceTree = "<group>";
		};
		755B0BDF22CBEF830032D803 /* Controller */ = {
			isa = PBXGroup;
			children = (
				7519325122CBFEFC00FFF7DD /* ChatViewController.swift */,
				7519325322CBFF0900FFF7DD /* ChannelViewController.swift */,
				7519326122CC253300FFF7DD /* LoginViewController.swift */,
				7519326322CC27B200FFF7DD /* createAccountViewController.swift */,
				75132C8D22CE694D00BCC606 /* AvatarPickerViewController.swift */,
				75132C9322CED0CD00BCC606 /* ProfileViewController.swift */,
				75132C9E22CF99DF00BCC606 /* AddChannelViewController.swift */,
			);
			path = Controller;
			sourceTree = "<group>";
		};
		FFB8718AEA7E0BCC962025A1 /* Frameworks */ = {
			isa = PBXGroup;
			children = (
				AEF8DD669F313690B9A7D837 /* Pods_smack.framework */,
			);
			name = Frameworks;
			sourceTree = "<group>";
		};
/* End PBXGroup section */

/* Begin PBXNativeTarget section */
		755B0BC922CBEF510032D803 /* smack */ = {
			isa = PBXNativeTarget;
			buildConfigurationList = 755B0BDC22CBEF570032D803 /* Build configuration list for PBXNativeTarget "smack" */;
			buildPhases = (
				A83829F1F5EC540043A879D6 /* [CP] Check Pods Manifest.lock */,
				755B0BC622CBEF510032D803 /* Sources */,
				755B0BC722CBEF510032D803 /* Frameworks */,
				755B0BC822CBEF510032D803 /* Resources */,
				1008209431658F288A12BF21 /* [CP] Embed Pods Frameworks */,
			);
			buildRules = (
			);
			dependencies = (
			);
			name = smack;
			productName = smack;
			productReference = 755B0BCA22CBEF510032D803 /* smack.app */;
			productType = "com.apple.product-type.application";
		};
/* End PBXNativeTarget section */

/* Begin PBXProject section */
		755B0BC222CBEF500032D803 /* Project object */ = {
			isa = PBXProject;
			attributes = {
				LastSwiftUpdateCheck = 1020;
				LastUpgradeCheck = 1020;
				ORGANIZATIONNAME = "Anthony Cozzi";
				TargetAttributes = {
					755B0BC922CBEF510032D803 = {
						CreatedOnToolsVersion = 10.2.1;
						LastSwiftMigration = 1020;
					};
				};
			};
			buildConfigurationList = 755B0BC522CBEF500032D803 /* Build configuration list for PBXProject "smack" */;
			compatibilityVersion = "Xcode 9.3";
			developmentRegion = en;
			hasScannedForEncodings = 0;
			knownRegions = (
				en,
				Base,
			);
			mainGroup = 755B0BC122CBEF500032D803;
			productRefGroup = 755B0BCB22CBEF510032D803 /* Products */;
			projectDirPath = "";
			projectRoot = "";
			targets = (
				755B0BC922CBEF510032D803 /* smack */,
			);
		};
/* End PBXProject section */

/* Begin PBXResourcesBuildPhase section */
		755B0BC822CBEF510032D803 /* Resources */ = {
			isa = PBXResourcesBuildPhase;
			buildActionMask = 2147483647;
			files = (
				755B0BD822CBEF570032D803 /* LaunchScreen.storyboard in Resources */,
				75132CA122CF99DF00BCC606 /* AddChannelViewController.xib in Resources */,
				755B0BD522CBEF570032D803 /* Assets.xcassets in Resources */,
				75132C9622CED0CD00BCC606 /* ProfileViewController.xib in Resources */,
				755B0BD322CBEF510032D803 /* Main.storyboard in Resources */,
			);
			runOnlyForDeploymentPostprocessing = 0;
		};
/* End PBXResourcesBuildPhase section */

/* Begin PBXShellScriptBuildPhase section */
		1008209431658F288A12BF21 /* [CP] Embed Pods Frameworks */ = {
			isa = PBXShellScriptBuildPhase;
			buildActionMask = 2147483647;
			files = (
			);
			inputPaths = (
				"${SRCROOT}/Pods/Target Support Files/Pods-smack/Pods-smack-frameworks.sh",
				"${BUILT_PRODUCTS_DIR}/Alamofire/Alamofire.framework",
				"${BUILT_PRODUCTS_DIR}/Socket.IO-Client-Swift/SocketIO.framework",
				"${BUILT_PRODUCTS_DIR}/Starscream/Starscream.framework",
				"${BUILT_PRODUCTS_DIR}/SwiftyJSON/SwiftyJSON.framework",
			);
			name = "[CP] Embed Pods Frameworks";
			outputPaths = (
				"${TARGET_BUILD_DIR}/${FRAMEWORKS_FOLDER_PATH}/Alamofire.framework",
				"${TARGET_BUILD_DIR}/${FRAMEWORKS_FOLDER_PATH}/SocketIO.framework",
				"${TARGET_BUILD_DIR}/${FRAMEWORKS_FOLDER_PATH}/Starscream.framework",
				"${TARGET_BUILD_DIR}/${FRAMEWORKS_FOLDER_PATH}/SwiftyJSON.framework",
			);
			runOnlyForDeploymentPostprocessing = 0;
			shellPath = /bin/sh;
			shellScript = "\"${SRCROOT}/Pods/Target Support Files/Pods-smack/Pods-smack-frameworks.sh\"\n";
			showEnvVarsInLog = 0;
		};
		A83829F1F5EC540043A879D6 /* [CP] Check Pods Manifest.lock */ = {
			isa = PBXShellScriptBuildPhase;
			buildActionMask = 2147483647;
			files = (
			);
			inputPaths = (
				"${PODS_PODFILE_DIR_PATH}/Podfile.lock",
				"${PODS_ROOT}/Manifest.lock",
			);
			name = "[CP] Check Pods Manifest.lock";
			outputPaths = (
				"$(DERIVED_FILE_DIR)/Pods-smack-checkManifestLockResult.txt",
			);
			runOnlyForDeploymentPostprocessing = 0;
			shellPath = /bin/sh;
			shellScript = "diff \"${PODS_PODFILE_DIR_PATH}/Podfile.lock\" \"${PODS_ROOT}/Manifest.lock\" > /dev/null\nif [ $? != 0 ] ; then\n    # print error to STDERR\n    echo \"error: The sandbox is not in sync with the Podfile.lock. Run 'pod install' or update your CocoaPods installation.\" >&2\n    exit 1\nfi\n# This output is used by Xcode 'outputs' to avoid re-running this script phase.\necho \"SUCCESS\" > \"${SCRIPT_OUTPUT_FILE_0}\"\n";
			showEnvVarsInLog = 0;
		};
/* End PBXShellScriptBuildPhase section */

/* Begin PBXSourcesBuildPhase section */
		755B0BC622CBEF510032D803 /* Sources */ = {
			isa = PBXSourcesBuildPhase;
			buildActionMask = 2147483647;
			files = (
				75132CA322CFAB2900BCC606 /* SocketService.swift in Sources */,
				7519326222CC253400FFF7DD /* LoginViewController.swift in Sources */,
				75536EFF22D2A82500A39273 /* KeyboardBoundView.swift in Sources */,
				7519326922CD8C0600FFF7DD /* RoundedButton.swift in Sources */,
				755B0BCE22CBEF510032D803 /* AppDelegate.swift in Sources */,
				75132C9D22CF890000BCC606 /* TableViewCell.swift in Sources */,
				75132C9222CE7F4F00BCC606 /* CircleImage.swift in Sources */,
				75536EFB22D2985A00A39273 /* Message.swift in Sources */,
				75132C9B22CF836800BCC606 /* Channel.swift in Sources */,
				75132C8C22CE5F1600BCC606 /* UserDataService.swift in Sources */,
				75132C9922CF832E00BCC606 /* MessageService.swift in Sources */,
				7519325222CBFEFC00FFF7DD /* ChatViewController.swift in Sources */,
				7519326722CD59F400FFF7DD /* AuthService.swift in Sources */,
				75132C8E22CE694D00BCC606 /* AvatarPickerViewController.swift in Sources */,
				7519325D22CC0FD200FFF7DD /* GradientView.swift in Sources */,
				7519326422CC27B200FFF7DD /* createAccountViewController.swift in Sources */,
				75132CA022CF99DF00BCC606 /* AddChannelViewController.swift in Sources */,
				75132C9022CE6B2600BCC606 /* AvatarCell.swift in Sources */,
				7519325422CBFF0900FFF7DD /* ChannelViewController.swift in Sources */,
				75132C9522CED0CD00BCC606 /* ProfileViewController.swift in Sources */,
				7519325B22CC03C700FFF7DD /* SWRevealViewController.m in Sources */,
				75536EFD22D29E6700A39273 /* CommonFunctions.swift in Sources */,
				7519326022CC1F2800FFF7DD /* Constants.swift in Sources */,
			);
			runOnlyForDeploymentPostprocessing = 0;
		};
/* End PBXSourcesBuildPhase section */

/* Begin PBXVariantGroup section */
		755B0BD122CBEF510032D803 /* Main.storyboard */ = {
			isa = PBXVariantGroup;
			children = (
				755B0BD222CBEF510032D803 /* Base */,
			);
			name = Main.storyboard;
			sourceTree = "<group>";
		};
		755B0BD622CBEF570032D803 /* LaunchScreen.storyboard */ = {
			isa = PBXVariantGroup;
			children = (
				755B0BD722CBEF570032D803 /* Base */,
			);
			name = LaunchScreen.storyboard;
			sourceTree = "<group>";
		};
/* End PBXVariantGroup section */

/* Begin XCBuildConfiguration section */
		755B0BDA22CBEF570032D803 /* Debug */ = {
			isa = XCBuildConfiguration;
			buildSettings = {
				ALWAYS_SEARCH_USER_PATHS = NO;
				CLANG_ANALYZER_NONNULL = YES;
				CLANG_ANALYZER_NUMBER_OBJECT_CONVERSION = YES_AGGRESSIVE;
				CLANG_CXX_LANGUAGE_STANDARD = "gnu++14";
				CLANG_CXX_LIBRARY = "libc++";
				CLANG_ENABLE_MODULES = YES;
				CLANG_ENABLE_OBJC_ARC = YES;
				CLANG_ENABLE_OBJC_WEAK = YES;
				CLANG_WARN_BLOCK_CAPTURE_AUTORELEASING = YES;
				CLANG_WARN_BOOL_CONVERSION = YES;
				CLANG_WARN_COMMA = YES;
				CLANG_WARN_CONSTANT_CONVERSION = YES;
				CLANG_WARN_DEPRECATED_OBJC_IMPLEMENTATIONS = YES;
				CLANG_WARN_DIRECT_OBJC_ISA_USAGE = YES_ERROR;
				CLANG_WARN_DOCUMENTATION_COMMENTS = YES;
				CLANG_WARN_EMPTY_BODY = YES;
				CLANG_WARN_ENUM_CONVERSION = YES;
				CLANG_WARN_INFINITE_RECURSION = YES;
				CLANG_WARN_INT_CONVERSION = YES;
				CLANG_WARN_NON_LITERAL_NULL_CONVERSION = YES;
				CLANG_WARN_OBJC_IMPLICIT_RETAIN_SELF = YES;
				CLANG_WARN_OBJC_LITERAL_CONVERSION = YES;
				CLANG_WARN_OBJC_ROOT_CLASS = YES_ERROR;
				CLANG_WARN_RANGE_LOOP_ANALYSIS = YES;
				CLANG_WARN_STRICT_PROTOTYPES = YES;
				CLANG_WARN_SUSPICIOUS_MOVE = YES;
				CLANG_WARN_UNGUARDED_AVAILABILITY = YES_AGGRESSIVE;
				CLANG_WARN_UNREACHABLE_CODE = YES;
				CLANG_WARN__DUPLICATE_METHOD_MATCH = YES;
				CODE_SIGN_IDENTITY = "iPhone Developer";
				COPY_PHASE_STRIP = NO;
				DEBUG_INFORMATION_FORMAT = dwarf;
				ENABLE_STRICT_OBJC_MSGSEND = YES;
				ENABLE_TESTABILITY = YES;
				GCC_C_LANGUAGE_STANDARD = gnu11;
				GCC_DYNAMIC_NO_PIC = NO;
				GCC_NO_COMMON_BLOCKS = YES;
				GCC_OPTIMIZATION_LEVEL = 0;
				GCC_PREPROCESSOR_DEFINITIONS = (
					"DEBUG=1",
					"$(inherited)",
				);
				GCC_WARN_64_TO_32_BIT_CONVERSION = YES;
				GCC_WARN_ABOUT_RETURN_TYPE = YES_ERROR;
				GCC_WARN_UNDECLARED_SELECTOR = YES;
				GCC_WARN_UNINITIALIZED_AUTOS = YES_AGGRESSIVE;
				GCC_WARN_UNUSED_FUNCTION = YES;
				GCC_WARN_UNUSED_VARIABLE = YES;
				IPHONEOS_DEPLOYMENT_TARGET = 12.2;
				MTL_ENABLE_DEBUG_INFO = INCLUDE_SOURCE;
				MTL_FAST_MATH = YES;
				ONLY_ACTIVE_ARCH = YES;
				SDKROOT = iphoneos;
				SWIFT_ACTIVE_COMPILATION_CONDITIONS = DEBUG;
				SWIFT_OPTIMIZATION_LEVEL = "-Onone";
			};
			name = Debug;
		};
		755B0BDB22CBEF570032D803 /* Release */ = {
			isa = XCBuildConfiguration;
			buildSettings = {
				ALWAYS_SEARCH_USER_PATHS = NO;
				CLANG_ANALYZER_NONNULL = YES;
				CLANG_ANALYZER_NUMBER_OBJECT_CONVERSION = YES_AGGRESSIVE;
				CLANG_CXX_LANGUAGE_STANDARD = "gnu++14";
				CLANG_CXX_LIBRARY = "libc++";
				CLANG_ENABLE_MODULES = YES;
				CLANG_ENABLE_OBJC_ARC = YES;
				CLANG_ENABLE_OBJC_WEAK = YES;
				CLANG_WARN_BLOCK_CAPTURE_AUTORELEASING = YES;
				CLANG_WARN_BOOL_CONVERSION = YES;
				CLANG_WARN_COMMA = YES;
				CLANG_WARN_CONSTANT_CONVERSION = YES;
				CLANG_WARN_DEPRECATED_OBJC_IMPLEMENTATIONS = YES;
				CLANG_WARN_DIRECT_OBJC_ISA_USAGE = YES_ERROR;
				CLANG_WARN_DOCUMENTATION_COMMENTS = YES;
				CLANG_WARN_EMPTY_BODY = YES;
				CLANG_WARN_ENUM_CONVERSION = YES;
				CLANG_WARN_INFINITE_RECURSION = YES;
				CLANG_WARN_INT_CONVERSION = YES;
				CLANG_WARN_NON_LITERAL_NULL_CONVERSION = YES;
				CLANG_WARN_OBJC_IMPLICIT_RETAIN_SELF = YES;
				CLANG_WARN_OBJC_LITERAL_CONVERSION = YES;
				CLANG_WARN_OBJC_ROOT_CLASS = YES_ERROR;
				CLANG_WARN_RANGE_LOOP_ANALYSIS = YES;
				CLANG_WARN_STRICT_PROTOTYPES = YES;
				CLANG_WARN_SUSPICIOUS_MOVE = YES;
				CLANG_WARN_UNGUARDED_AVAILABILITY = YES_AGGRESSIVE;
				CLANG_WARN_UNREACHABLE_CODE = YES;
				CLANG_WARN__DUPLICATE_METHOD_MATCH = YES;
				CODE_SIGN_IDENTITY = "iPhone Developer";
				COPY_PHASE_STRIP = NO;
				DEBUG_INFORMATION_FORMAT = "dwarf-with-dsym";
				ENABLE_NS_ASSERTIONS = NO;
				ENABLE_STRICT_OBJC_MSGSEND = YES;
				GCC_C_LANGUAGE_STANDARD = gnu11;
				GCC_NO_COMMON_BLOCKS = YES;
				GCC_WARN_64_TO_32_BIT_CONVERSION = YES;
				GCC_WARN_ABOUT_RETURN_TYPE = YES_ERROR;
				GCC_WARN_UNDECLARED_SELECTOR = YES;
				GCC_WARN_UNINITIALIZED_AUTOS = YES_AGGRESSIVE;
				GCC_WARN_UNUSED_FUNCTION = YES;
				GCC_WARN_UNUSED_VARIABLE = YES;
				IPHONEOS_DEPLOYMENT_TARGET = 12.2;
				MTL_ENABLE_DEBUG_INFO = NO;
				MTL_FAST_MATH = YES;
				SDKROOT = iphoneos;
				SWIFT_COMPILATION_MODE = wholemodule;
				SWIFT_OPTIMIZATION_LEVEL = "-O";
				VALIDATE_PRODUCT = YES;
			};
			name = Release;
		};
		755B0BDD22CBEF570032D803 /* Debug */ = {
			isa = XCBuildConfiguration;
			baseConfigurationReference = 256C9E3D12C3753A701EBE78 /* Pods-smack.debug.xcconfig */;
			buildSettings = {
				ASSETCATALOG_COMPILER_APPICON_NAME = AppIcon;
				CLANG_ENABLE_MODULES = YES;
				CODE_SIGN_STYLE = Automatic;
				DEFINES_MODULE = YES;
				DEVELOPMENT_TEAM = 49ZKU4EP4Z;
				INFOPLIST_FILE = smack/Info.plist;
				LD_RUNPATH_SEARCH_PATHS = (
					"$(inherited)",
					"@executable_path/Frameworks",
				);
				PRODUCT_BUNDLE_IDENTIFIER = adcstack.smack;
				PRODUCT_NAME = "$(TARGET_NAME)";
				SWIFT_OBJC_BRIDGING_HEADER = "smack/Supporting Files/smack-Bridging-Header.h";
				SWIFT_OPTIMIZATION_LEVEL = "-Onone";
				SWIFT_VERSION = 5.0;
				TARGETED_DEVICE_FAMILY = "1,2";
			};
			name = Debug;
		};
		755B0BDE22CBEF570032D803 /* Release */ = {
			isa = XCBuildConfiguration;
			baseConfigurationReference = 883B60ECA89613B16824389E /* Pods-smack.release.xcconfig */;
			buildSettings = {
				ASSETCATALOG_COMPILER_APPICON_NAME = AppIcon;
				CLANG_ENABLE_MODULES = YES;
				CODE_SIGN_STYLE = Automatic;
				DEFINES_MODULE = YES;
				DEVELOPMENT_TEAM = 49ZKU4EP4Z;
				INFOPLIST_FILE = smack/Info.plist;
				LD_RUNPATH_SEARCH_PATHS = (
					"$(inherited)",
					"@executable_path/Frameworks",
				);
				PRODUCT_BUNDLE_IDENTIFIER = adcstack.smack;
				PRODUCT_NAME = "$(TARGET_NAME)";
				SWIFT_OBJC_BRIDGING_HEADER = "smack/Supporting Files/smack-Bridging-Header.h";
				SWIFT_VERSION = 5.0;
				TARGETED_DEVICE_FAMILY = "1,2";
			};
			name = Release;
		};
/* End XCBuildConfiguration section */

/* Begin XCConfigurationList section */
		755B0BC522CBEF500032D803 /* Build configuration list for PBXProject "smack" */ = {
			isa = XCConfigurationList;
			buildConfigurations = (
				755B0BDA22CBEF570032D803 /* Debug */,
				755B0BDB22CBEF570032D803 /* Release */,
			);
			defaultConfigurationIsVisible = 0;
			defaultConfigurationName = Release;
		};
		755B0BDC22CBEF570032D803 /* Build configuration list for PBXNativeTarget "smack" */ = {
			isa = XCConfigurationList;
			buildConfigurations = (
				755B0BDD22CBEF570032D803 /* Debug */,
				755B0BDE22CBEF570032D803 /* Release */,
			);
			defaultConfigurationIsVisible = 0;
			defaultConfigurationName = Release;
		};
/* End XCConfigurationList section */
	};
	rootObject = 755B0BC222CBEF500032D803 /* Project object */;
}
